<?xml version="1.0" encoding="utf-8"?>
<Project ToolsVersion="4.0" xmlns="http://schemas.microsoft.com/developer/msbuild/2003">
  <ItemGroup>
    <Filter Include="Headers">
      <UniqueIdentifier>{12e9d39e-8078-4621-90e6-e325572cd379}</UniqueIdentifier>
    </Filter>
    <Filter Include="Source">
      <UniqueIdentifier>{609d9245-c22a-4af3-852f-6e9b03db0fac}</UniqueIdentifier>
    </Filter>
  </ItemGroup>
  <ItemGroup>
    <ClCompile Include="main.cpp">
      <Filter>Source</Filter>
    </ClCompile>
    <ClCompile Include="bezier.cpp">
      <Filter>Source</Filter>
    </ClCompile>
  </ItemGroup>
  <ItemGroup>
    <ClInclude Include="physics.h">
      <Filter>Headers</Filter>
    </ClInclude>
    <ClInclude Include="bezier.h">
      <Filter>Headers</Filter>
    </ClInclude>
  </ItemGroup>
</Project>